// !$*UTF8*$!
{
	archiveVersion = 1;
	classes = {
	};
	objectVersion = 46;
	objects = {

/* Begin PBXBuildFile section */
		07FF519BA1DBEC0F8B0B240F0BC13903 /* PrivacyInfo.xcprivacy in Resources */ = {isa = PBXBuildFile; fileRef = C61B6D09D0F1A4AC3C8BFBEB8E9B376A /* PrivacyInfo.xcprivacy */; };
		09693DB357C1AED5219DEC41E621CDB8 /* FirebaseAnalyticsCore in Frameworks */ = {isa = PBXBuildFile; productRef = 79E97F54A7E0FF4C87DE0145661108E1 /* FirebaseAnalyticsCore */; };
		0BAE1B127294AD9683F18272A71667E1 /* NativeAnalyticsEventTests.swift in Sources */ = {isa = PBXBuildFile; fileRef = F6107CD94890A6D86ED39694E3F663F3 /* NativeAnalyticsEventTests.swift */; };
		0C1B5AAF8B4CA656D4944570D041D754 /* Web in Resources */ = {isa = PBXBuildFile; fileRef = E961503A11BD23A2C9EE21C355AD55D3 /* Web */; };
		35D399B3C933649ADB45C4F09AFF4613 /* NativeAnalyticsEvent.swift in Sources */ = {isa = PBXBuildFile; fileRef = 3AFCF50C4C12134440B3F291B45B61CE /* NativeAnalyticsEvent.swift */; };
		49679D1197D80B651BBB7369886B9FDD /* MIMETypes.swift in Sources */ = {isa = PBXBuildFile; fileRef = 8391B27412FE4B7714C4AA3DB6C40CC2 /* MIMETypes.swift */; };
		7CB99CDC30286FAACF482072331266DD /* ByteRange.swift in Sources */ = {isa = PBXBuildFile; fileRef = C758F06001CEB1F6515B55F25EC9B653 /* ByteRange.swift */; };
		867780EBB8DFBA1B9382AB5FC71ED2B7 /* FirebaseCrashlytics in Frameworks */ = {isa = PBXBuildFile; productRef = D3D50AA8515EFF9E69F3605DF3827FC7 /* FirebaseCrashlytics */; };
		89C5AD0E99594AE24D2BF7869698DB42 /* LocalServerTests.swift in Sources */ = {isa = PBXBuildFile; fileRef = 7F00DB4A90FA88E1A1EC435E7977FA9D /* LocalServerTests.swift */; };
		9C198807C39E2CA029A996FF142E37EB /* Telemetry.swift in Sources */ = {isa = PBXBuildFile; fileRef = D46806901A9470C4CD2AC13B8717F618 /* Telemetry.swift */; };
		A953EBB1B13607076830F5FC347A67B0 /* APIProxy.swift in Sources */ = {isa = PBXBuildFile; fileRef = 01BA446FCE6288A7F36B9DCFB3E93777 /* APIProxy.swift */; };
		A97E307074C37A0CDAA470130615E4A5 /* HTTPConnection.swift in Sources */ = {isa = PBXBuildFile; fileRef = ACEB5134F8C4FFD334AC606142C821B0 /* HTTPConnection.swift */; };
		AA50EEC654A1336FC878A5C642256858 /* CosmosMapApp.swift in Sources */ = {isa = PBXBuildFile; fileRef = 3FAA32DFB1403CC78918257C9B0299E5 /* CosmosMapApp.swift */; };
		AF62CDD0C3B10DF9E42CAB0E87B2F38E /* WebView.swift in Sources */ = {isa = PBXBuildFile; fileRef = 66E56A9C622CAEAE66D4A478BDE8A262 /* WebView.swift */; };
		BCFCCC9BD5DE72898458667EA3091128 /* Foundation.framework in Frameworks */ = {isa = PBXBuildFile; fileRef = EFC0601CD4FEA3A9E21D612C6DBE43CE /* Foundation.framework */; };
		D61BCA35655CF3BD91297DE9EFE22DB6 /* StaticFileResolver.swift in Sources */ = {isa = PBXBuildFile; fileRef = CA72726C0E44AD0FF50CD5CB51E4D4A8 /* StaticFileResolver.swift */; };
		D8A02F284B7455F5B8EB44C1098985C1 /* Assets.xcassets in Resources */ = {isa = PBXBuildFile; fileRef = 7BE4980413E30DEEC961323D58E48A1C /* Assets.xcassets */; };
		DC839F154C2DA19E516343D5E5B8646E /* LocalHTTPServer.swift in Sources */ = {isa = PBXBuildFile; fileRef = 2AA5C70E06831A8947621BC17D808317 /* LocalHTTPServer.swift */; };
		EB02B7879B43B61E7551E421EB2AB611 /* Foundation.framework in Frameworks */ = {isa = PBXBuildFile; fileRef = EFC0601CD4FEA3A9E21D612C6DBE43CE /* Foundation.framework */; };
		FECB9D6349B31B99025DBA4924C26098 /* HTTPMessage.swift in Sources */ = {isa = PBXBuildFile; fileRef = EC0EB128BFCF68ECCDD8EB0CDADD59A4 /* HTTPMessage.swift */; };
		FF35D9AFBA1842AF797C5ABC73D931C8 /* LocalServerController.swift in Sources */ = {isa = PBXBuildFile; fileRef = A6D125EFF5256437609091FAA918903E /* LocalServerController.swift */; };
/* End PBXBuildFile section */

/* Begin PBXContainerItemProxy section */
		81E7FCBC2BA7BC38D1B7137C953E70A0 /* PBXContainerItemProxy */ = {
			isa = PBXContainerItemProxy;
			containerPortal = A212DBEA538CCF5C2D3BB9AD4CB0AED1 /* Project object */;
			proxyType = 1;
			remoteGlobalIDString = 23A9258C2A6AAF44EB9D33CB8C780605;
			remoteInfo = CosmosMap;
		};
/* End PBXContainerItemProxy section */

/* Begin PBXFileReference section */
		01BA446FCE6288A7F36B9DCFB3E93777 /* APIProxy.swift */ = {isa = PBXFileReference; includeInIndex = 1; lastKnownFileType = sourcecode.swift; name = APIProxy.swift; path = Server/APIProxy.swift; sourceTree = "<group>"; };
		2602935464D3C6AF28719C8DC441D904 /* CosmosMapTests.xctest */ = {isa = PBXFileReference; explicitFileType = wrapper.cfbundle; includeInIndex = 0; path = CosmosMapTests.xctest; sourceTree = BUILT_PRODUCTS_DIR; };
		2AA5C70E06831A8947621BC17D808317 /* LocalHTTPServer.swift */ = {isa = PBXFileReference; includeInIndex = 1; lastKnownFileType = sourcecode.swift; name = LocalHTTPServer.swift; path = Server/LocalHTTPServer.swift; sourceTree = "<group>"; };
		3AFCF50C4C12134440B3F291B45B61CE /* NativeAnalyticsEvent.swift */ = {isa = PBXFileReference; includeInIndex = 1; lastKnownFileType = sourcecode.swift; name = NativeAnalyticsEvent.swift; path = App/NativeAnalyticsEvent.swift; sourceTree = "<group>"; };
		3FAA32DFB1403CC78918257C9B0299E5 /* CosmosMapApp.swift */ = {isa = PBXFileReference; includeInIndex = 1; lastKnownFileType = sourcecode.swift; name = CosmosMapApp.swift; path = App/CosmosMapApp.swift; sourceTree = "<group>"; };
		66E56A9C622CAEAE66D4A478BDE8A262 /* WebView.swift */ = {isa = PBXFileReference; includeInIndex = 1; lastKnownFileType = sourcecode.swift; name = WebView.swift; path = App/WebView.swift; sourceTree = "<group>"; };
		73744210A4D5A802798D6D89FCC58B4F /* Info.plist */ = {isa = PBXFileReference; includeInIndex = 1; lastKnownFileType = text.plist.xml; name = Info.plist; path = Resources/Info.plist; sourceTree = "<group>"; };
		7BE4980413E30DEEC961323D58E48A1C /* Assets.xcassets */ = {isa = PBXFileReference; includeInIndex = 1; lastKnownFileType = folder.assetcatalog; path = Assets.xcassets; sourceTree = "<group>"; };
		7F00DB4A90FA88E1A1EC435E7977FA9D /* LocalServerTests.swift */ = {isa = PBXFileReference; includeInIndex = 1; lastKnownFileType = sourcecode.swift; path = LocalServerTests.swift; sourceTree = "<group>"; };
		8391B27412FE4B7714C4AA3DB6C40CC2 /* MIMETypes.swift */ = {isa = PBXFileReference; includeInIndex = 1; lastKnownFileType = sourcecode.swift; name = MIMETypes.swift; path = Server/MIMETypes.swift; sourceTree = "<group>"; };
		8A9B6A46DB34D7BF1D5587EA4203D01D /* CosmosMap.app */ = {isa = PBXFileReference; explicitFileType = wrapper.application; includeInIndex = 0; path = CosmosMap.app; sourceTree = BUILT_PRODUCTS_DIR; };
		A6D125EFF5256437609091FAA918903E /* LocalServerController.swift */ = {isa = PBXFileReference; includeInIndex = 1; lastKnownFileType = sourcecode.swift; name = LocalServerController.swift; path = App/LocalServerController.swift; sourceTree = "<group>"; };
		ACEB5134F8C4FFD334AC606142C821B0 /* HTTPConnection.swift */ = {isa = PBXFileReference; includeInIndex = 1; lastKnownFileType = sourcecode.swift; name = HTTPConnection.swift; path = Server/HTTPConnection.swift; sourceTree = "<group>"; };
		C61B6D09D0F1A4AC3C8BFBEB8E9B376A /* PrivacyInfo.xcprivacy */ = {isa = PBXFileReference; includeInIndex = 1; name = PrivacyInfo.xcprivacy; path = Resources/PrivacyInfo.xcprivacy; sourceTree = "<group>"; };
		C758F06001CEB1F6515B55F25EC9B653 /* ByteRange.swift */ = {isa = PBXFileReference; includeInIndex = 1; lastKnownFileType = sourcecode.swift; name = ByteRange.swift; path = Server/ByteRange.swift; sourceTree = "<group>"; };
		CA72726C0E44AD0FF50CD5CB51E4D4A8 /* StaticFileResolver.swift */ = {isa = PBXFileReference; includeInIndex = 1; lastKnownFileType = sourcecode.swift; name = StaticFileResolver.swift; path = Server/StaticFileResolver.swift; sourceTree = "<group>"; };
		D46806901A9470C4CD2AC13B8717F618 /* Telemetry.swift */ = {isa = PBXFileReference; includeInIndex = 1; lastKnownFileType = sourcecode.swift; name = Telemetry.swift; path = App/Telemetry.swift; sourceTree = "<group>"; };
		E961503A11BD23A2C9EE21C355AD55D3 /* Web */ = {isa = PBXFileReference; includeInIndex = 1; lastKnownFileType = folder; path = Web; sourceTree = "<group>"; };
		EC0EB128BFCF68ECCDD8EB0CDADD59A4 /* HTTPMessage.swift */ = {isa = PBXFileReference; includeInIndex = 1; lastKnownFileType = sourcecode.swift; name = HTTPMessage.swift; path = Server/HTTPMessage.swift; sourceTree = "<group>"; };
		EFC0601CD4FEA3A9E21D612C6DBE43CE /* Foundation.framework */ = {isa = PBXFileReference; lastKnownFileType = wrapper.framework; name = Foundation.framework; path = Platforms/iPhoneOS.platform/Developer/SDKs/iPhoneOS14.0.sdk/System/Library/Frameworks/Foundation.framework; sourceTree = DEVELOPER_DIR; };
		F6107CD94890A6D86ED39694E3F663F3 /* NativeAnalyticsEventTests.swift */ = {isa = PBXFileReference; includeInIndex = 1; lastKnownFileType = sourcecode.swift; path = NativeAnalyticsEventTests.swift; sourceTree = "<group>"; };
/* End PBXFileReference section */

/* Begin PBXFrameworksBuildPhase section */
		8BDD06BED65BCF0508DA44F0875B9257 /* Frameworks */ = {
			isa = PBXFrameworksBuildPhase;
			buildActionMask = 2147483647;
			files = (
				EB02B7879B43B61E7551E421EB2AB611 /* Foundation.framework in Frameworks */,
			);
			runOnlyForDeploymentPostprocessing = 0;
		};
		E4F160066F2F6CB08CFDDD8C6E98016B /* Frameworks */ = {
			isa = PBXFrameworksBuildPhase;
			buildActionMask = 2147483647;
			files = (
				BCFCCC9BD5DE72898458667EA3091128 /* Foundation.framework in Frameworks */,
				867780EBB8DFBA1B9382AB5FC71ED2B7 /* FirebaseCrashlytics in Frameworks */,
				09693DB357C1AED5219DEC41E621CDB8 /* FirebaseAnalyticsCore in Frameworks */,
			);
			runOnlyForDeploymentPostprocessing = 0;
		};
/* End PBXFrameworksBuildPhase section */

/* Begin PBXGroup section */
		1CFE260CB8FC05FC7E60F9629729EF9F = {
			isa = PBXGroup;
			children = (
				F7BA114408976D6EEA061DC94DA7DE6A /* Products */,
				7E46847F3401196A2146F3FB95B002B3 /* Frameworks */,
				BE8DCFAF669A06553FC2F47EAEC30B40 /* CosmosMap */,
				E70C2D6C945B5A1D60A5CAF08699D6B6 /* CosmosMapTests */,
			);
			sourceTree = "<group>";
		};
		7E46847F3401196A2146F3FB95B002B3 /* Frameworks */ = {
			isa = PBXGroup;
			children = (
				98624413A05D410CAA7B3C121642C4D9 /* iOS */,
			);
			name = Frameworks;
			sourceTree = "<group>";
		};
		98624413A05D410CAA7B3C121642C4D9 /* iOS */ = {
			isa = PBXGroup;
			children = (
				EFC0601CD4FEA3A9E21D612C6DBE43CE /* Foundation.framework */,
			);
			name = iOS;
			sourceTree = "<group>";
		};
		BE8DCFAF669A06553FC2F47EAEC30B40 /* CosmosMap */ = {
			isa = PBXGroup;
			children = (
				3FAA32DFB1403CC78918257C9B0299E5 /* CosmosMapApp.swift */,
				A6D125EFF5256437609091FAA918903E /* LocalServerController.swift */,
				3AFCF50C4C12134440B3F291B45B61CE /* NativeAnalyticsEvent.swift */,
				D46806901A9470C4CD2AC13B8717F618 /* Telemetry.swift */,
				66E56A9C622CAEAE66D4A478BDE8A262 /* WebView.swift */,
				01BA446FCE6288A7F36B9DCFB3E93777 /* APIProxy.swift */,
				C758F06001CEB1F6515B55F25EC9B653 /* ByteRange.swift */,
				ACEB5134F8C4FFD334AC606142C821B0 /* HTTPConnection.swift */,
				EC0EB128BFCF68ECCDD8EB0CDADD59A4 /* HTTPMessage.swift */,
				2AA5C70E06831A8947621BC17D808317 /* LocalHTTPServer.swift */,
				8391B27412FE4B7714C4AA3DB6C40CC2 /* MIMETypes.swift */,
				CA72726C0E44AD0FF50CD5CB51E4D4A8 /* StaticFileResolver.swift */,
				73744210A4D5A802798D6D89FCC58B4F /* Info.plist */,
				C61B6D09D0F1A4AC3C8BFBEB8E9B376A /* PrivacyInfo.xcprivacy */,
				7BE4980413E30DEEC961323D58E48A1C /* Assets.xcassets */,
				E961503A11BD23A2C9EE21C355AD55D3 /* Web */,
			);
			name = CosmosMap;
			path = CosmosMap;
			sourceTree = "<group>";
		};
		E70C2D6C945B5A1D60A5CAF08699D6B6 /* CosmosMapTests */ = {
			isa = PBXGroup;
			children = (
				7F00DB4A90FA88E1A1EC435E7977FA9D /* LocalServerTests.swift */,
				F6107CD94890A6D86ED39694E3F663F3 /* NativeAnalyticsEventTests.swift */,
			);
			name = CosmosMapTests;
			path = CosmosMapTests;
			sourceTree = "<group>";
		};
		F7BA114408976D6EEA061DC94DA7DE6A /* Products */ = {
			isa = PBXGroup;
			children = (
				8A9B6A46DB34D7BF1D5587EA4203D01D /* CosmosMap.app */,
				2602935464D3C6AF28719C8DC441D904 /* CosmosMapTests.xctest */,
			);
			name = Products;
			sourceTree = "<group>";
		};
/* End PBXGroup section */

/* Begin PBXNativeTarget section */
		23A9258C2A6AAF44EB9D33CB8C780605 /* CosmosMap */ = {
			isa = PBXNativeTarget;
			buildConfigurationList = 0C370A780423AB514CAA61BAF50D9A64 /* Build configuration list for PBXNativeTarget "CosmosMap" */;
			buildPhases = (
				C052E50C905DFCEB68AD34494F88F59D /* Check bundled web build */,
				AA7186D012513DA27642D011784C579D /* Sources */,
				E4F160066F2F6CB08CFDDD8C6E98016B /* Frameworks */,
				35CFC5D7A67BB6C1827C36F2AB6D559B /* Resources */,
				D3F9DAF6AA1BC169A670EBB0AA50323B /* Copy GoogleService-Info.plist */,
				8E87F73F87697E4217D38C043797D655 /* Upload Crashlytics symbols */,
			);
			buildRules = (
			);
			dependencies = (
			);
			name = CosmosMap;
			packageProductDependencies = (
				D3D50AA8515EFF9E69F3605DF3827FC7 /* FirebaseCrashlytics */,
				79E97F54A7E0FF4C87DE0145661108E1 /* FirebaseAnalyticsCore */,
			);
			productName = CosmosMap;
			productReference = 8A9B6A46DB34D7BF1D5587EA4203D01D /* CosmosMap.app */;
			productType = "com.apple.product-type.application";
		};
		57C1E1F75A14B7949F64C32ABDC4266F /* CosmosMapTests */ = {
			isa = PBXNativeTarget;
			buildConfigurationList = 9C8226724A738A28FA9838089B24A9A8 /* Build configuration list for PBXNativeTarget "CosmosMapTests" */;
			buildPhases = (
				A21449E2F5DB82C5A57B37F76D350C18 /* Sources */,
				8BDD06BED65BCF0508DA44F0875B9257 /* Frameworks */,
				7E95CFDAB6750C3BAC26813B84D08654 /* Resources */,
			);
			buildRules = (
			);
			dependencies = (
				2187B88821CBFB454E426C22C9BB4293 /* PBXTargetDependency */,
			);
			name = CosmosMapTests;
			productName = CosmosMapTests;
			productReference = 2602935464D3C6AF28719C8DC441D904 /* CosmosMapTests.xctest */;
			productType = "com.apple.product-type.bundle.unit-test";
		};
/* End PBXNativeTarget section */

/* Begin PBXProject section */
		A212DBEA538CCF5C2D3BB9AD4CB0AED1 /* Project object */ = {
			isa = PBXProject;
			attributes = {
				LastSwiftUpdateCheck = 1620;
				LastUpgradeCheck = 1620;
			};
			buildConfigurationList = 2D3C262F693F4856A85625F6381588E0 /* Build configuration list for PBXProject "CosmosMap" */;
			compatibilityVersion = "Xcode 3.2";
			developmentRegion = en;
			hasScannedForEncodings = 0;
			knownRegions = (
				en,
				Base,
			);
			mainGroup = 1CFE260CB8FC05FC7E60F9629729EF9F;
			packageReferences = (
				6065F4513216B2F38266BA7D80DEB71D /* XCRemoteSwiftPackageReference "firebase-ios-sdk" */,
			);
			productRefGroup = F7BA114408976D6EEA061DC94DA7DE6A /* Products */;
			projectDirPath = "";
			projectRoot = "";
			targets = (
				23A9258C2A6AAF44EB9D33CB8C780605 /* CosmosMap */,
				57C1E1F75A14B7949F64C32ABDC4266F /* CosmosMapTests */,
			);
		};
/* End PBXProject section */

/* Begin PBXResourcesBuildPhase section */
		35CFC5D7A67BB6C1827C36F2AB6D559B /* Resources */ = {
			isa = PBXResourcesBuildPhase;
			buildActionMask = 2147483647;
			files = (
				07FF519BA1DBEC0F8B0B240F0BC13903 /* PrivacyInfo.xcprivacy in Resources */,
				D8A02F284B7455F5B8EB44C1098985C1 /* Assets.xcassets in Resources */,
				0C1B5AAF8B4CA656D4944570D041D754 /* Web in Resources */,
			);
			runOnlyForDeploymentPostprocessing = 0;
		};
		7E95CFDAB6750C3BAC26813B84D08654 /* Resources */ = {
			isa = PBXResourcesBuildPhase;
			buildActionMask = 2147483647;
			files = (
			);
			runOnlyForDeploymentPostprocessing = 0;
		};
/* End PBXResourcesBuildPhase section */

/* Begin PBXShellScriptBuildPhase section */
		8E87F73F87697E4217D38C043797D655 /* Upload Crashlytics symbols */ = {
			isa = PBXShellScriptBuildPhase;
			alwaysOutOfDate = 1;
			buildActionMask = 2147483647;
			files = (
			);
			inputFileListPaths = (
			);
			inputPaths = (
				"${DWARF_DSYM_FOLDER_PATH}/${DWARF_DSYM_FILE_NAME}",
				"${DWARF_DSYM_FOLDER_PATH}/${DWARF_DSYM_FILE_NAME}/Contents/Resources/DWARF/${PRODUCT_NAME}",
				"${DWARF_DSYM_FOLDER_PATH}/${DWARF_DSYM_FILE_NAME}/Contents/Info.plist",
				"$(TARGET_BUILD_DIR)/$(UNLOCALIZED_RESOURCES_FOLDER_PATH)/GoogleService-Info.plist",
				"$(TARGET_BUILD_DIR)/$(EXECUTABLE_PATH)",
			);
			name = "Upload Crashlytics symbols";
			outputFileListPaths = (
			);
			outputPaths = (
			);
			runOnlyForDeploymentPostprocessing = 0;
			shellPath = /bin/sh;
			shellScript = "if [ \"$CONFIGURATION\" != \"Release\" ]; then\n  echo \"Skipping Crashlytics symbol upload for $CONFIGURATION.\"\n  exit 0\nfi\nif [ ! -f \"${TARGET_BUILD_DIR}/${UNLOCALIZED_RESOURCES_FOLDER_PATH}/GoogleService-Info.plist\" ]; then\n  echo \"warning: Skipping Crashlytics symbol upload: GoogleService-Info.plist is not in the app bundle.\"\n  exit 0\nfi\nCRASHLYTICS_RUN=\"${BUILD_DIR%/Build/*}/SourcePackages/checkouts/firebase-ios-sdk/Crashlytics/run\"\nif [ ! -x \"$CRASHLYTICS_RUN\" ]; then\n  echo \"warning: Skipping Crashlytics symbol upload: $CRASHLYTICS_RUN not found.\"\n  exit 0\nfi\n\"$CRASHLYTICS_RUN\"\n";
		};
		C052E50C905DFCEB68AD34494F88F59D /* Check bundled web build */ = {
			isa = PBXShellScriptBuildPhase;
			alwaysOutOfDate = 1;
			buildActionMask = 2147483647;
			files = (
			);
			inputFileListPaths = (
			);
			inputPaths = (
				"$(SRCROOT)/CosmosMap/Web/index.html",
			);
			name = "Check bundled web build";
			outputFileListPaths = (
			);
			outputPaths = (
			);
			runOnlyForDeploymentPostprocessing = 0;
			shellPath = /bin/sh;
			shellScript = "if [ ! -f \"${SRCROOT}/CosmosMap/Web/index.html\" ]; then\n  echo \"error: ios/CosmosMap/Web/index.html is missing. Run 'npm run build && ios/scripts/sync-web.sh' from the repo root.\"\n  exit 1\nfi\n";
		};
		D3F9DAF6AA1BC169A670EBB0AA50323B /* Copy GoogleService-Info.plist */ = {
			isa = PBXShellScriptBuildPhase;
			alwaysOutOfDate = 1;
			buildActionMask = 2147483647;
			files = (
			);
			inputFileListPaths = (
			);
			inputPaths = (
			);
			name = "Copy GoogleService-Info.plist";
			outputFileListPaths = (
			);
			outputPaths = (
			);
			runOnlyForDeploymentPostprocessing = 0;
			shellPath = /bin/sh;
			shellScript = "SOURCE=\"${SRCROOT}/CosmosMap/Resources/GoogleService-Info.plist\"\nDESTINATION=\"${TARGET_BUILD_DIR}/${UNLOCALIZED_RESOURCES_FOLDER_PATH}/GoogleService-Info.plist\"\nif [ -f \"$SOURCE\" ]; then\n  cp -f \"$SOURCE\" \"$DESTINATION\"\n  echo \"Copied GoogleService-Info.plist into the app bundle.\"\nelif [ \"$CONFIGURATION\" = \"Release\" ]; then\n  echo \"error: ios/CosmosMap/Resources/GoogleService-Info.plist is missing. Release builds need it (CI decodes the COSMOSMAP_GOOGLE_SERVICE_INFO secret into that path).\"\n  exit 1\nelse\n  rm -f \"$DESTINATION\"\n  echo \"note: GoogleService-Info.plist not found; Firebase stays disabled in this build.\"\nfi\n";
		};
/* End PBXShellScriptBuildPhase section */

/* Begin PBXSourcesBuildPhase section */
		A21449E2F5DB82C5A57B37F76D350C18 /* Sources */ = {
			isa = PBXSourcesBuildPhase;
			buildActionMask = 2147483647;
			files = (
				89C5AD0E99594AE24D2BF7869698DB42 /* LocalServerTests.swift in Sources */,
				0BAE1B127294AD9683F18272A71667E1 /* NativeAnalyticsEventTests.swift in Sources */,
			);
			runOnlyForDeploymentPostprocessing = 0;
		};
		AA7186D012513DA27642D011784C579D /* Sources */ = {
			isa = PBXSourcesBuildPhase;
			buildActionMask = 2147483647;
			files = (
				AA50EEC654A1336FC878A5C642256858 /* CosmosMapApp.swift in Sources */,
				FF35D9AFBA1842AF797C5ABC73D931C8 /* LocalServerController.swift in Sources */,
				35D399B3C933649ADB45C4F09AFF4613 /* NativeAnalyticsEvent.swift in Sources */,
				9C198807C39E2CA029A996FF142E37EB /* Telemetry.swift in Sources */,
				AF62CDD0C3B10DF9E42CAB0E87B2F38E /* WebView.swift in Sources */,
				A953EBB1B13607076830F5FC347A67B0 /* APIProxy.swift in Sources */,
				7CB99CDC30286FAACF482072331266DD /* ByteRange.swift in Sources */,
				A97E307074C37A0CDAA470130615E4A5 /* HTTPConnection.swift in Sources */,
				FECB9D6349B31B99025DBA4924C26098 /* HTTPMessage.swift in Sources */,
				DC839F154C2DA19E516343D5E5B8646E /* LocalHTTPServer.swift in Sources */,
				49679D1197D80B651BBB7369886B9FDD /* MIMETypes.swift in Sources */,
				D61BCA35655CF3BD91297DE9EFE22DB6 /* StaticFileResolver.swift in Sources */,
			);
			runOnlyForDeploymentPostprocessing = 0;
		};
/* End PBXSourcesBuildPhase section */

/* Begin PBXTargetDependency section */
		2187B88821CBFB454E426C22C9BB4293 /* PBXTargetDependency */ = {
			isa = PBXTargetDependency;
			name = CosmosMap;
			target = 23A9258C2A6AAF44EB9D33CB8C780605 /* CosmosMap */;
			targetProxy = 81E7FCBC2BA7BC38D1B7137C953E70A0 /* PBXContainerItemProxy */;
		};
/* End PBXTargetDependency section */

/* Begin XCBuildConfiguration section */
		3992A61040329D81966F468AB4A8F96F /* Release */ = {
			isa = XCBuildConfiguration;
			buildSettings = {
				BUNDLE_LOADER = "$(TEST_HOST)";
				CLANG_ENABLE_OBJC_WEAK = NO;
				CODE_SIGN_STYLE = Automatic;
				DEVELOPMENT_TEAM = AH277897AV;
				GENERATE_INFOPLIST_FILE = YES;
				IPHONEOS_DEPLOYMENT_TARGET = 26.0;
				PRODUCT_BUNDLE_IDENTIFIER = com.wodo.cosmosmap.tests;
				SDKROOT = iphoneos;
				SWIFT_STRICT_CONCURRENCY = minimal;
				SWIFT_VERSION = 5.0;
				TARGETED_DEVICE_FAMILY = 2;
				TEST_HOST = "$(BUILT_PRODUCTS_DIR)/CosmosMap.app/$(BUNDLE_EXECUTABLE_FOLDER_PATH)/CosmosMap";
				VALIDATE_PRODUCT = YES;
			};
			name = Release;
		};
		4E351D2C254F8D901E45F546908AAC78 /* Debug */ = {
			isa = XCBuildConfiguration;
			buildSettings = {
				ALWAYS_SEARCH_USER_PATHS = NO;
				CLANG_ANALYZER_NONNULL = YES;
				CLANG_ANALYZER_NUMBER_OBJECT_CONVERSION = YES_AGGRESSIVE;
				CLANG_CXX_LANGUAGE_STANDARD = "gnu++14";
				CLANG_CXX_LIBRARY = "libc++";
				CLANG_ENABLE_MODULES = YES;
				CLANG_ENABLE_OBJC_ARC = YES;
				CLANG_ENABLE_OBJC_WEAK = YES;
				CLANG_WARN_BLOCK_CAPTURE_AUTORELEASING = YES;
				CLANG_WARN_BOOL_CONVERSION = YES;
				CLANG_WARN_COMMA = YES;
				CLANG_WARN_CONSTANT_CONVERSION = YES;
				CLANG_WARN_DEPRECATED_OBJC_IMPLEMENTATIONS = YES;
				CLANG_WARN_DIRECT_OBJC_ISA_USAGE = YES_ERROR;
				CLANG_WARN_DOCUMENTATION_COMMENTS = YES;
				CLANG_WARN_EMPTY_BODY = YES;
				CLANG_WARN_ENUM_CONVERSION = YES;
				CLANG_WARN_INFINITE_RECURSION = YES;
				CLANG_WARN_INT_CONVERSION = YES;
				CLANG_WARN_NON_LITERAL_NULL_CONVERSION = YES;
				CLANG_WARN_OBJC_IMPLICIT_RETAIN_SELF = YES;
				CLANG_WARN_OBJC_LITERAL_CONVERSION = YES;
				CLANG_WARN_OBJC_ROOT_CLASS = YES_ERROR;
				CLANG_WARN_QUOTED_INCLUDE_IN_FRAMEWORK_HEADER = YES;
				CLANG_WARN_RANGE_LOOP_ANALYSIS = YES;
				CLANG_WARN_STRICT_PROTOTYPES = YES;
				CLANG_WARN_SUSPICIOUS_MOVE = YES;
				CLANG_WARN_UNGUARDED_AVAILABILITY = YES_AGGRESSIVE;
				CLANG_WARN_UNREACHABLE_CODE = YES;
				CLANG_WARN__DUPLICATE_METHOD_MATCH = YES;
				COPY_PHASE_STRIP = NO;
				DEBUG_INFORMATION_FORMAT = dwarf;
				ENABLE_STRICT_OBJC_MSGSEND = YES;
				ENABLE_TESTABILITY = YES;
				GCC_C_LANGUAGE_STANDARD = gnu11;
				GCC_DYNAMIC_NO_PIC = NO;
				GCC_NO_COMMON_BLOCKS = YES;
				GCC_OPTIMIZATION_LEVEL = 0;
				GCC_PREPROCESSOR_DEFINITIONS = (
					"DEBUG=1",
					"$(inherited)",
				);
				GCC_WARN_64_TO_32_BIT_CONVERSION = YES;
				GCC_WARN_ABOUT_RETURN_TYPE = YES_ERROR;
				GCC_WARN_UNDECLARED_SELECTOR = YES;
				GCC_WARN_UNINITIALIZED_AUTOS = YES_AGGRESSIVE;
				GCC_WARN_UNUSED_FUNCTION = YES;
				GCC_WARN_UNUSED_VARIABLE = YES;
				MTL_ENABLE_DEBUG_INFO = INCLUDE_SOURCE;
				MTL_FAST_MATH = YES;
				ONLY_ACTIVE_ARCH = YES;
				PRODUCT_NAME = "$(TARGET_NAME)";
				SWIFT_ACTIVE_COMPILATION_CONDITIONS = DEBUG;
				SWIFT_OPTIMIZATION_LEVEL = "-Onone";
				SWIFT_VERSION = 5.0;
			};
			name = Debug;
		};
		63915A1BB412E9A35266BC80FB617EB4 /* Debug */ = {
			isa = XCBuildConfiguration;
			buildSettings = {
				BUNDLE_LOADER = "$(TEST_HOST)";
				CLANG_ENABLE_OBJC_WEAK = NO;
				CODE_SIGN_STYLE = Automatic;
				DEVELOPMENT_TEAM = AH277897AV;
				GENERATE_INFOPLIST_FILE = YES;
				IPHONEOS_DEPLOYMENT_TARGET = 26.0;
				PRODUCT_BUNDLE_IDENTIFIER = com.wodo.cosmosmap.tests;
				SDKROOT = iphoneos;
				SWIFT_STRICT_CONCURRENCY = minimal;
				SWIFT_VERSION = 5.0;
				TARGETED_DEVICE_FAMILY = 2;
				TEST_HOST = "$(BUILT_PRODUCTS_DIR)/CosmosMap.app/$(BUNDLE_EXECUTABLE_FOLDER_PATH)/CosmosMap";
			};
			name = Debug;
		};
		72C95E66CCEDBE15F6F984AA6D6E2FB9 /* Release */ = {
			isa = XCBuildConfiguration;
			buildSettings = {
				ALWAYS_SEARCH_USER_PATHS = NO;
				CLANG_ANALYZER_NONNULL = YES;
				CLANG_ANALYZER_NUMBER_OBJECT_CONVERSION = YES_AGGRESSIVE;
				CLANG_CXX_LANGUAGE_STANDARD = "gnu++14";
				CLANG_CXX_LIBRARY = "libc++";
				CLANG_ENABLE_MODULES = YES;
				CLANG_ENABLE_OBJC_ARC = YES;
				CLANG_ENABLE_OBJC_WEAK = YES;
				CLANG_WARN_BLOCK_CAPTURE_AUTORELEASING = YES;
				CLANG_WARN_BOOL_CONVERSION = YES;
				CLANG_WARN_COMMA = YES;
				CLANG_WARN_CONSTANT_CONVERSION = YES;
				CLANG_WARN_DEPRECATED_OBJC_IMPLEMENTATIONS = YES;
				CLANG_WARN_DIRECT_OBJC_ISA_USAGE = YES_ERROR;
				CLANG_WARN_DOCUMENTATION_COMMENTS = YES;
				CLANG_WARN_EMPTY_BODY = YES;
				CLANG_WARN_ENUM_CONVERSION = YES;
				CLANG_WARN_INFINITE_RECURSION = YES;
				CLANG_WARN_INT_CONVERSION = YES;
				CLANG_WARN_NON_LITERAL_NULL_CONVERSION = YES;
				CLANG_WARN_OBJC_IMPLICIT_RETAIN_SELF = YES;
				CLANG_WARN_OBJC_LITERAL_CONVERSION = YES;
				CLANG_WARN_OBJC_ROOT_CLASS = YES_ERROR;
				CLANG_WARN_QUOTED_INCLUDE_IN_FRAMEWORK_HEADER = YES;
				CLANG_WARN_RANGE_LOOP_ANALYSIS = YES;
				CLANG_WARN_STRICT_PROTOTYPES = YES;
				CLANG_WARN_SUSPICIOUS_MOVE = YES;
				CLANG_WARN_UNGUARDED_AVAILABILITY = YES_AGGRESSIVE;
				CLANG_WARN_UNREACHABLE_CODE = YES;
				CLANG_WARN__DUPLICATE_METHOD_MATCH = YES;
				COPY_PHASE_STRIP = NO;
				DEBUG_INFORMATION_FORMAT = "dwarf-with-dsym";
				ENABLE_NS_ASSERTIONS = NO;
				ENABLE_STRICT_OBJC_MSGSEND = YES;
				GCC_C_LANGUAGE_STANDARD = gnu11;
				GCC_NO_COMMON_BLOCKS = YES;
				GCC_WARN_64_TO_32_BIT_CONVERSION = YES;
				GCC_WARN_ABOUT_RETURN_TYPE = YES_ERROR;
				GCC_WARN_UNDECLARED_SELECTOR = YES;
				GCC_WARN_UNINITIALIZED_AUTOS = YES_AGGRESSIVE;
				GCC_WARN_UNUSED_FUNCTION = YES;
				GCC_WARN_UNUSED_VARIABLE = YES;
				MTL_ENABLE_DEBUG_INFO = NO;
				MTL_FAST_MATH = YES;
				PRODUCT_NAME = "$(TARGET_NAME)";
				SWIFT_COMPILATION_MODE = wholemodule;
				SWIFT_OPTIMIZATION_LEVEL = "-O";
				SWIFT_VERSION = 5.0;
			};
			name = Release;
		};
		891684399E2905D180D445F776532977 /* Debug */ = {
			isa = XCBuildConfiguration;
			buildSettings = {
				ASSETCATALOG_COMPILER_APPICON_NAME = AppIcon;
				ASSETCATALOG_COMPILER_GLOBAL_ACCENT_COLOR_NAME = "";
				ASSETCATALOG_COMPILER_INCLUDE_ALL_APPICON_ASSETS = NO;
				CLANG_ENABLE_OBJC_WEAK = NO;
				CODE_SIGN_IDENTITY = "Apple Development";
				CODE_SIGN_STYLE = Automatic;
				CURRENT_PROJECT_VERSION = 1;
				DEAD_CODE_STRIPPING = YES;
				DEBUG_INFORMATION_FORMAT = "dwarf-with-dsym";
				DEVELOPMENT_TEAM = AH277897AV;
				ENABLE_PREVIEWS = NO;
				ENABLE_USER_SCRIPT_SANDBOXING = NO;
				GENERATE_INFOPLIST_FILE = NO;
				INFOPLIST_FILE = CosmosMap/Resources/Info.plist;
				IPHONEOS_DEPLOYMENT_TARGET = 26.0;
				LD_RUNPATH_SEARCH_PATHS = "$(inherited) @executable_path/Frameworks";
				MARKETING_VERSION = 1.0;
				PRODUCT_BUNDLE_IDENTIFIER = com.wodo.cosmosmap;
				PRODUCT_NAME = "$(TARGET_NAME)";
				SDKROOT = iphoneos;
				SUPPORTS_MACCATALYST = NO;
				SUPPORTS_MAC_DESIGNED_FOR_IPHONE_IPAD = NO;
				SUPPORTS_XR_DESIGNED_FOR_IPHONE_IPAD = NO;
				SWIFT_EMIT_LOC_STRINGS = NO;
				SWIFT_STRICT_CONCURRENCY = minimal;
				SWIFT_VERSION = 5.0;
				TARGETED_DEVICE_FAMILY = 2;
			};
			name = Debug;
		};
		A52BF1B93487FF1515F5443C65A05665 /* Release */ = {
			isa = XCBuildConfiguration;
			buildSettings = {
				ASSETCATALOG_COMPILER_APPICON_NAME = AppIcon;
				ASSETCATALOG_COMPILER_GLOBAL_ACCENT_COLOR_NAME = "";
				ASSETCATALOG_COMPILER_INCLUDE_ALL_APPICON_ASSETS = NO;
				CLANG_ENABLE_OBJC_WEAK = NO;
				CODE_SIGN_IDENTITY = "Apple Distribution";
				CODE_SIGN_STYLE = Manual;
				CURRENT_PROJECT_VERSION = 1;
				DEAD_CODE_STRIPPING = YES;
				DEBUG_INFORMATION_FORMAT = "dwarf-with-dsym";
				DEVELOPMENT_TEAM = AH277897AV;
				ENABLE_PREVIEWS = NO;
				ENABLE_USER_SCRIPT_SANDBOXING = NO;
				GENERATE_INFOPLIST_FILE = NO;
				INFOPLIST_FILE = CosmosMap/Resources/Info.plist;
				IPHONEOS_DEPLOYMENT_TARGET = 26.0;
				LD_RUNPATH_SEARCH_PATHS = "$(inherited) @executable_path/Frameworks";
				MARKETING_VERSION = 1.0;
				PRODUCT_BUNDLE_IDENTIFIER = com.wodo.cosmosmap;
				PRODUCT_NAME = "$(TARGET_NAME)";
				PROVISIONING_PROFILE_SPECIFIER = "CosmosMap App Store";
				SDKROOT = iphoneos;
				SUPPORTS_MACCATALYST = NO;
				SUPPORTS_MAC_DESIGNED_FOR_IPHONE_IPAD = NO;
				SUPPORTS_XR_DESIGNED_FOR_IPHONE_IPAD = NO;
				SWIFT_EMIT_LOC_STRINGS = NO;
				SWIFT_STRICT_CONCURRENCY = minimal;
				SWIFT_VERSION = 5.0;
				TARGETED_DEVICE_FAMILY = 2;
				VALIDATE_PRODUCT = YES;
			};
			name = Release;
		};
/* End XCBuildConfiguration section */

/* Begin XCConfigurationList section */
		0C370A780423AB514CAA61BAF50D9A64 /* Build configuration list for PBXNativeTarget "CosmosMap" */ = {
			isa = XCConfigurationList;
			buildConfigurations = (
				A52BF1B93487FF1515F5443C65A05665 /* Release */,
				891684399E2905D180D445F776532977 /* Debug */,
			);
			defaultConfigurationIsVisible = 0;
			defaultConfigurationName = Release;
		};
		2D3C262F693F4856A85625F6381588E0 /* Build configuration list for PBXProject "CosmosMap" */ = {
			isa = XCConfigurationList;
			buildConfigurations = (
				4E351D2C254F8D901E45F546908AAC78 /* Debug */,
				72C95E66CCEDBE15F6F984AA6D6E2FB9 /* Release */,
			);
			defaultConfigurationIsVisible = 0;
			defaultConfigurationName = Release;
		};
		9C8226724A738A28FA9838089B24A9A8 /* Build configuration list for PBXNativeTarget "CosmosMapTests" */ = {
			isa = XCConfigurationList;
			buildConfigurations = (
				3992A61040329D81966F468AB4A8F96F /* Release */,
				63915A1BB412E9A35266BC80FB617EB4 /* Debug */,
			);
			defaultConfigurationIsVisible = 0;
			defaultConfigurationName = Release;
		};
/* End XCConfigurationList section */

/* Begin XCRemoteSwiftPackageReference section */
		6065F4513216B2F38266BA7D80DEB71D /* XCRemoteSwiftPackageReference "firebase-ios-sdk" */ = {
			isa = XCRemoteSwiftPackageReference;
			repositoryURL = "https://github.com/firebase/firebase-ios-sdk";
			requirement = {
				kind = exactVersion;
				version = 12.14.0;
			};
		};
/* End XCRemoteSwiftPackageReference section */

/* Begin XCSwiftPackageProductDependency section */
		79E97F54A7E0FF4C87DE0145661108E1 /* FirebaseAnalyticsCore */ = {
			isa = XCSwiftPackageProductDependency;
			package = 6065F4513216B2F38266BA7D80DEB71D /* XCRemoteSwiftPackageReference "firebase-ios-sdk" */;
			productName = FirebaseAnalyticsCore;
		};
		D3D50AA8515EFF9E69F3605DF3827FC7 /* FirebaseCrashlytics */ = {
			isa = XCSwiftPackageProductDependency;
			package = 6065F4513216B2F38266BA7D80DEB71D /* XCRemoteSwiftPackageReference "firebase-ios-sdk" */;
			productName = FirebaseCrashlytics;
		};
/* End XCSwiftPackageProductDependency section */
	};
	rootObject = A212DBEA538CCF5C2D3BB9AD4CB0AED1 /* Project object */;
}
